
Microsoft Visual Studio Solution File, Format Version 12.00
# Visual Studio Version 17
VisualStudioVersion = 17.13.35931.197 d17.13
MinimumVisualStudioVersion = 10.0.40219.1
Project("{FAE04EC0-301F-11D3-BF4B-00C04F79EFBC}") = "SimulantenÜbung", "SimulantenÜbung.csproj", "{774DC5F8-EFEA-4D0C-BC38-7F1679F7A4B7}"
EndProject
Global
	GlobalSection(SolutionConfigurationPlatforms) = preSolution
		Debug|Any CPU = Debug|Any CPU
		Release|Any CPU = Release|Any CPU
	EndGlobalSection
	GlobalSection(ProjectConfigurationPlatforms) = postSolution
		{774DC5F8-EFEA-4D0C-BC38-7F1679F7A4B7}.Debug|Any CPU.ActiveCfg = Debug|Any CPU
		{774DC5F8-EFEA-4D0C-BC38-7F1679F7A4B7}.Debug|Any CPU.Build.0 = Debug|Any CPU
		{774DC5F8-EFEA-4D0C-BC38-7F1679F7A4B7}.Release|Any CPU.ActiveCfg = Release|Any CPU
		{774DC5F8-EFEA-4D0C-BC38-7F1679F7A4B7}.Release|Any CPU.Build.0 = Release|Any CPU
	EndGlobalSection
	GlobalSection(SolutionProperties) = preSolution
		HideSolutionNode = FALSE
	EndGlobalSection
	GlobalSection(ExtensibilityGlobals) = postSolution
		SolutionGuid = {0DC44770-F1DF-4467-8B0A-A1EEF28E2374}
	EndGlobalSection
EndGlobal
